
Microsoft Visual Studio Solution File, Format Version 12.00
# Visual Studio 15
VisualStudioVersion = 15.0.27130.2010
MinimumVisualStudioVersion = 10.0.40219.1
Project("{FAE04EC0-301F-11D3-BF4B-00C04F79EFBC}") = "ClassLibrary1", "ClassLibrary1\ClassLibrary1.csproj", "{48B03C01-CF44-464C-8F7D-0A59D8767FDB}"
EndProject
Global
	GlobalSection(SolutionConfigurationPlatforms) = preSolution
		Debug|Any CPU = Debug|Any CPU
		Release|Any CPU = Release|Any CPU
	EndGlobalSection
	GlobalSection(ProjectConfigurationPlatforms) = postSolution
		{48B03C01-CF44-464C-8F7D-0A59D8767FDB}.Debug|Any CPU.ActiveCfg = Debug|Any CPU
		{48B03C01-CF44-464C-8F7D-0A59D8767FDB}.Debug|Any CPU.Build.0 = Debug|Any CPU
		{48B03C01-CF44-464C-8F7D-0A59D8767FDB}.Release|Any CPU.ActiveCfg = Release|Any CPU
		{48B03C01-CF44-464C-8F7D-0A59D8767FDB}.Release|Any CPU.Build.0 = Release|Any CPU
	EndGlobalSection
	GlobalSection(SolutionProperties) = preSolution
		HideSolutionNode = FALSE
	EndGlobalSection
	GlobalSection(ExtensibilityGlobals) = postSolution
		SolutionGuid = {1CD2B2D6-CF55-4E95-95BE-73B6F5C4A5B2}
	EndGlobalSection
EndGlobal
