
Microsoft Visual Studio Solution File, Format Version 12.00
# Visual Studio 15
VisualStudioVersion = 15.0.27004.2009
MinimumVisualStudioVersion = 10.0.40219.1
Project("{FAE04EC0-301F-11D3-BF4B-00C04F79EFBC}") = "Exercise", "Exercise\Exercise.csproj", "{C427C3A9-C4C9-4E93-9FE0-94E3FE16C0B7}"
EndProject
Project("{FAE04EC0-301F-11D3-BF4B-00C04F79EFBC}") = "Exercise1", "Exercise1\Exercise1.csproj", "{822BE3D2-8523-4482-8A01-3E453131FD26}"
EndProject
Global
	GlobalSection(SolutionConfigurationPlatforms) = preSolution
		Debug|Any CPU = Debug|Any CPU
		Release|Any CPU = Release|Any CPU
	EndGlobalSection
	GlobalSection(ProjectConfigurationPlatforms) = postSolution
		{C427C3A9-C4C9-4E93-9FE0-94E3FE16C0B7}.Debug|Any CPU.ActiveCfg = Debug|Any CPU
		{C427C3A9-C4C9-4E93-9FE0-94E3FE16C0B7}.Debug|Any CPU.Build.0 = Debug|Any CPU
		{C427C3A9-C4C9-4E93-9FE0-94E3FE16C0B7}.Release|Any CPU.ActiveCfg = Release|Any CPU
		{C427C3A9-C4C9-4E93-9FE0-94E3FE16C0B7}.Release|Any CPU.Build.0 = Release|Any CPU
		{822BE3D2-8523-4482-8A01-3E453131FD26}.Debug|Any CPU.ActiveCfg = Debug|Any CPU
		{822BE3D2-8523-4482-8A01-3E453131FD26}.Debug|Any CPU.Build.0 = Debug|Any CPU
		{822BE3D2-8523-4482-8A01-3E453131FD26}.Release|Any CPU.ActiveCfg = Release|Any CPU
		{822BE3D2-8523-4482-8A01-3E453131FD26}.Release|Any CPU.Build.0 = Release|Any CPU
	EndGlobalSection
	GlobalSection(SolutionProperties) = preSolution
		HideSolutionNode = FALSE
	EndGlobalSection
	GlobalSection(ExtensibilityGlobals) = postSolution
		SolutionGuid = {52D7816A-4752-416E-8962-B7589DDCFADF}
	EndGlobalSection
EndGlobal
