
Microsoft Visual Studio Solution File, Format Version 12.00
# Visual Studio 15
VisualStudioVersion = 15.0.27004.2010
MinimumVisualStudioVersion = 10.0.40219.1
Project("{9A19103F-16F7-4668-BE54-9A1E7A4F7556}") = "BlastAsia.DigiBook.Domain.Test", "BlastAsia.DigiBook.Domain.Test\BlastAsia.DigiBook.Domain.Test.csproj", "{70CC340F-8C5D-435E-9164-9281780241DC}"
EndProject
Project("{9A19103F-16F7-4668-BE54-9A1E7A4F7556}") = "BlastAsia.DigiBook.Domain", "BlastAsia.DigiBook.Domain\BlastAsia.DigiBook.Domain.csproj", "{C90908FE-9E66-4A77-B492-51D7B6B2EC57}"
EndProject
Project("{9A19103F-16F7-4668-BE54-9A1E7A4F7556}") = "BlastAsia.DigiBook.Domain.Models", "BlastAsia.DigiBook.Domain.Models\BlastAsia.DigiBook.Domain.Models.csproj", "{6056412F-E795-4B76-B943-E903820372FF}"
EndProject
Project("{FAE04EC0-301F-11D3-BF4B-00C04F79EFBC}") = "BlastAsia.DigiBook.Infrastructure.Persistence", "BlastAsia.DigiBook.Infrastructure.Persistence\BlastAsia.DigiBook.Infrastructure.Persistence.csproj", "{F9730093-F62D-4E01-A052-17D20A838BDE}"
EndProject
Global
	GlobalSection(SolutionConfigurationPlatforms) = preSolution
		Debug|Any CPU = Debug|Any CPU
		Release|Any CPU = Release|Any CPU
	EndGlobalSection
	GlobalSection(ProjectConfigurationPlatforms) = postSolution
		{70CC340F-8C5D-435E-9164-9281780241DC}.Debug|Any CPU.ActiveCfg = Debug|Any CPU
		{70CC340F-8C5D-435E-9164-9281780241DC}.Debug|Any CPU.Build.0 = Debug|Any CPU
		{70CC340F-8C5D-435E-9164-9281780241DC}.Release|Any CPU.ActiveCfg = Release|Any CPU
		{70CC340F-8C5D-435E-9164-9281780241DC}.Release|Any CPU.Build.0 = Release|Any CPU
		{C90908FE-9E66-4A77-B492-51D7B6B2EC57}.Debug|Any CPU.ActiveCfg = Debug|Any CPU
		{C90908FE-9E66-4A77-B492-51D7B6B2EC57}.Debug|Any CPU.Build.0 = Debug|Any CPU
		{C90908FE-9E66-4A77-B492-51D7B6B2EC57}.Release|Any CPU.ActiveCfg = Release|Any CPU
		{C90908FE-9E66-4A77-B492-51D7B6B2EC57}.Release|Any CPU.Build.0 = Release|Any CPU
		{6056412F-E795-4B76-B943-E903820372FF}.Debug|Any CPU.ActiveCfg = Debug|Any CPU
		{6056412F-E795-4B76-B943-E903820372FF}.Debug|Any CPU.Build.0 = Debug|Any CPU
		{6056412F-E795-4B76-B943-E903820372FF}.Release|Any CPU.ActiveCfg = Release|Any CPU
		{6056412F-E795-4B76-B943-E903820372FF}.Release|Any CPU.Build.0 = Release|Any CPU
		{F9730093-F62D-4E01-A052-17D20A838BDE}.Debug|Any CPU.ActiveCfg = Debug|Any CPU
		{F9730093-F62D-4E01-A052-17D20A838BDE}.Debug|Any CPU.Build.0 = Debug|Any CPU
		{F9730093-F62D-4E01-A052-17D20A838BDE}.Release|Any CPU.ActiveCfg = Release|Any CPU
		{F9730093-F62D-4E01-A052-17D20A838BDE}.Release|Any CPU.Build.0 = Release|Any CPU
	EndGlobalSection
	GlobalSection(SolutionProperties) = preSolution
		HideSolutionNode = FALSE
	EndGlobalSection
	GlobalSection(ExtensibilityGlobals) = postSolution
		SolutionGuid = {510F1961-5804-480B-AD35-A69176D7AE65}
	EndGlobalSection
EndGlobal
