
Microsoft Visual Studio Solution File, Format Version 12.00
# Visual Studio 15
VisualStudioVersion = 15.0.26430.14
MinimumVisualStudioVersion = 10.0.40219.1
Project("{FAE04EC0-301F-11D3-BF4B-00C04F79EFBC}") = "GitMerge", "GitMerge\GitMerge.csproj", "{DC60E50B-3219-4D3D-934E-CED854361508}"
EndProject
Global
	GlobalSection(SolutionConfigurationPlatforms) = preSolution
		Debug|Any CPU = Debug|Any CPU
		Release|Any CPU = Release|Any CPU
	EndGlobalSection
	GlobalSection(ProjectConfigurationPlatforms) = postSolution
		{DC60E50B-3219-4D3D-934E-CED854361508}.Debug|Any CPU.ActiveCfg = Debug|Any CPU
		{DC60E50B-3219-4D3D-934E-CED854361508}.Debug|Any CPU.Build.0 = Debug|Any CPU
		{DC60E50B-3219-4D3D-934E-CED854361508}.Release|Any CPU.ActiveCfg = Release|Any CPU
		{DC60E50B-3219-4D3D-934E-CED854361508}.Release|Any CPU.Build.0 = Release|Any CPU
	EndGlobalSection
	GlobalSection(SolutionProperties) = preSolution
		HideSolutionNode = FALSE
	EndGlobalSection
EndGlobal
