
Microsoft Visual Studio Solution File, Format Version 12.00
# Visual Studio 15
VisualStudioVersion = 15.0.26430.14
MinimumVisualStudioVersion = 10.0.40219.1
Project("{9A19103F-16F7-4668-BE54-9A1E7A4F7556}") = "BlastAsia.DigiBook.Domain.Test", "BlastAsia.DigiBook.Domain.Test\BlastAsia.DigiBook.Domain.Test.csproj", "{D932874B-8BB8-46DA-A4BD-A0DCBED53F4F}"
EndProject
Project("{9A19103F-16F7-4668-BE54-9A1E7A4F7556}") = "BlastAsia.DigiBook.Domain", "BlastAsia.DigiBook.Domain\BlastAsia.DigiBook.Domain.csproj", "{FAECB395-0F69-49F6-BAF6-9E306F707E8C}"
EndProject
Project("{FAE04EC0-301F-11D3-BF4B-00C04F79EFBC}") = "BlastAsia.DigiBook.Domain.Models", "BlastAsia.DigiBook.Domain.Models\BlastAsia.DigiBook.Domain.Models.csproj", "{9A2B71F6-8C0A-4A4F-AAF9-574675E77DF8}"
EndProject
Global
	GlobalSection(SolutionConfigurationPlatforms) = preSolution
		Debug|Any CPU = Debug|Any CPU
		Release|Any CPU = Release|Any CPU
	EndGlobalSection
	GlobalSection(ProjectConfigurationPlatforms) = postSolution
		{D932874B-8BB8-46DA-A4BD-A0DCBED53F4F}.Debug|Any CPU.ActiveCfg = Debug|Any CPU
		{D932874B-8BB8-46DA-A4BD-A0DCBED53F4F}.Debug|Any CPU.Build.0 = Debug|Any CPU
		{D932874B-8BB8-46DA-A4BD-A0DCBED53F4F}.Release|Any CPU.ActiveCfg = Release|Any CPU
		{D932874B-8BB8-46DA-A4BD-A0DCBED53F4F}.Release|Any CPU.Build.0 = Release|Any CPU
		{FAECB395-0F69-49F6-BAF6-9E306F707E8C}.Debug|Any CPU.ActiveCfg = Debug|Any CPU
		{FAECB395-0F69-49F6-BAF6-9E306F707E8C}.Debug|Any CPU.Build.0 = Debug|Any CPU
		{FAECB395-0F69-49F6-BAF6-9E306F707E8C}.Release|Any CPU.ActiveCfg = Release|Any CPU
		{FAECB395-0F69-49F6-BAF6-9E306F707E8C}.Release|Any CPU.Build.0 = Release|Any CPU
		{9A2B71F6-8C0A-4A4F-AAF9-574675E77DF8}.Debug|Any CPU.ActiveCfg = Debug|Any CPU
		{9A2B71F6-8C0A-4A4F-AAF9-574675E77DF8}.Debug|Any CPU.Build.0 = Debug|Any CPU
		{9A2B71F6-8C0A-4A4F-AAF9-574675E77DF8}.Release|Any CPU.ActiveCfg = Release|Any CPU
		{9A2B71F6-8C0A-4A4F-AAF9-574675E77DF8}.Release|Any CPU.Build.0 = Release|Any CPU
	EndGlobalSection
	GlobalSection(SolutionProperties) = preSolution
		HideSolutionNode = FALSE
	EndGlobalSection
EndGlobal
