
Microsoft Visual Studio Solution File, Format Version 12.00
# Visual Studio 15
VisualStudioVersion = 15.0.26430.14
MinimumVisualStudioVersion = 10.0.40219.1
Project("{9A19103F-16F7-4668-BE54-9A1E7A4F7556}") = "BlastAsia.DigiBook.Domain.Test", "BlastAsia.DigiBook.Domain.Test\BlastAsia.DigiBook.Domain.Test.csproj", "{84ECABBF-0DA0-49BD-BB4E-7D076B4A102B}"
EndProject
Project("{9A19103F-16F7-4668-BE54-9A1E7A4F7556}") = "BlastAsia.DigiBook.Domain", "BlastAsia.DigiBook.Domain\BlastAsia.DigiBook.Domain.csproj", "{2C2AD5F8-0A5A-4BA9-85FE-39C14E34AC31}"
EndProject
Project("{9A19103F-16F7-4668-BE54-9A1E7A4F7556}") = "BlastAsia.DigiBook.Domain.Models", "BlastAsia.DigiBook.Domain.Models\BlastAsia.DigiBook.Domain.Models.csproj", "{E8B79732-7B4A-4181-9DB1-4E5D6012BE59}"
EndProject
Project("{9A19103F-16F7-4668-BE54-9A1E7A4F7556}") = "BlastAsia.DigiBook.Infrastructure.Persistence", "BlastAsia.DigiBook.Infrastructure.Persistence\BlastAsia.DigiBook.Infrastructure.Persistence.csproj", "{7DD92615-DAEF-419C-8CD8-CA23CE27DA62}"
EndProject
Project("{9A19103F-16F7-4668-BE54-9A1E7A4F7556}") = "BlastAsia.DigiBook.Infrastructure.Persistence.Test", "BlastAsia.DigiBook.Infrastructure.Persistence.Test\BlastAsia.DigiBook.Infrastructure.Persistence.Test.csproj", "{70500019-5315-4355-B438-04E62B4AB70F}"
EndProject
Project("{2150E333-8FDC-42A3-9474-1A3956D46DE8}") = "1.0 Presentation", "1.0 Presentation", "{BBE8CB95-18CC-4917-AB67-989C12E45C80}"
EndProject
Project("{2150E333-8FDC-42A3-9474-1A3956D46DE8}") = "2.0 API", "2.0 API", "{86E121A8-032B-4F18-AEF7-29AC3BFD562E}"
EndProject
Project("{2150E333-8FDC-42A3-9474-1A3956D46DE8}") = "3.0 Domain", "3.0 Domain", "{DC5A093A-070A-497B-96E7-B0B249D0FB79}"
EndProject
Project("{2150E333-8FDC-42A3-9474-1A3956D46DE8}") = "4.0 Persistence", "4.0 Persistence", "{8A8F1B72-E882-4640-9DEA-667D88D523B7}"
EndProject
Project("{9A19103F-16F7-4668-BE54-9A1E7A4F7556}") = "BlastAsia.DigiBook.API", "BlastAsia.DigiBook.API\BlastAsia.DigiBook.API.csproj", "{DCECE089-690C-4B15-AFDD-4D076433A9CA}"
EndProject
Project("{FAE04EC0-301F-11D3-BF4B-00C04F79EFBC}") = "BlastAsia.DigiBook.API.Test", "BlastAsia.DigiBook.API.Test\BlastAsia.DigiBook.API.Test.csproj", "{5AAC7C6B-88DE-4CEC-BCBC-309DF305098F}"
EndProject
Global
	GlobalSection(SolutionConfigurationPlatforms) = preSolution
		Debug|Any CPU = Debug|Any CPU
		Release|Any CPU = Release|Any CPU
	EndGlobalSection
	GlobalSection(ProjectConfigurationPlatforms) = postSolution
		{84ECABBF-0DA0-49BD-BB4E-7D076B4A102B}.Debug|Any CPU.ActiveCfg = Debug|Any CPU
		{84ECABBF-0DA0-49BD-BB4E-7D076B4A102B}.Debug|Any CPU.Build.0 = Debug|Any CPU
		{84ECABBF-0DA0-49BD-BB4E-7D076B4A102B}.Release|Any CPU.ActiveCfg = Release|Any CPU
		{84ECABBF-0DA0-49BD-BB4E-7D076B4A102B}.Release|Any CPU.Build.0 = Release|Any CPU
		{2C2AD5F8-0A5A-4BA9-85FE-39C14E34AC31}.Debug|Any CPU.ActiveCfg = Debug|Any CPU
		{2C2AD5F8-0A5A-4BA9-85FE-39C14E34AC31}.Debug|Any CPU.Build.0 = Debug|Any CPU
		{2C2AD5F8-0A5A-4BA9-85FE-39C14E34AC31}.Release|Any CPU.ActiveCfg = Release|Any CPU
		{2C2AD5F8-0A5A-4BA9-85FE-39C14E34AC31}.Release|Any CPU.Build.0 = Release|Any CPU
		{E8B79732-7B4A-4181-9DB1-4E5D6012BE59}.Debug|Any CPU.ActiveCfg = Debug|Any CPU
		{E8B79732-7B4A-4181-9DB1-4E5D6012BE59}.Debug|Any CPU.Build.0 = Debug|Any CPU
		{E8B79732-7B4A-4181-9DB1-4E5D6012BE59}.Release|Any CPU.ActiveCfg = Release|Any CPU
		{E8B79732-7B4A-4181-9DB1-4E5D6012BE59}.Release|Any CPU.Build.0 = Release|Any CPU
		{7DD92615-DAEF-419C-8CD8-CA23CE27DA62}.Debug|Any CPU.ActiveCfg = Debug|Any CPU
		{7DD92615-DAEF-419C-8CD8-CA23CE27DA62}.Debug|Any CPU.Build.0 = Debug|Any CPU
		{7DD92615-DAEF-419C-8CD8-CA23CE27DA62}.Release|Any CPU.ActiveCfg = Release|Any CPU
		{7DD92615-DAEF-419C-8CD8-CA23CE27DA62}.Release|Any CPU.Build.0 = Release|Any CPU
		{70500019-5315-4355-B438-04E62B4AB70F}.Debug|Any CPU.ActiveCfg = Debug|Any CPU
		{70500019-5315-4355-B438-04E62B4AB70F}.Debug|Any CPU.Build.0 = Debug|Any CPU
		{70500019-5315-4355-B438-04E62B4AB70F}.Release|Any CPU.ActiveCfg = Release|Any CPU
		{70500019-5315-4355-B438-04E62B4AB70F}.Release|Any CPU.Build.0 = Release|Any CPU
		{DCECE089-690C-4B15-AFDD-4D076433A9CA}.Debug|Any CPU.ActiveCfg = Debug|Any CPU
		{DCECE089-690C-4B15-AFDD-4D076433A9CA}.Debug|Any CPU.Build.0 = Debug|Any CPU
		{DCECE089-690C-4B15-AFDD-4D076433A9CA}.Release|Any CPU.ActiveCfg = Release|Any CPU
		{DCECE089-690C-4B15-AFDD-4D076433A9CA}.Release|Any CPU.Build.0 = Release|Any CPU
		{5AAC7C6B-88DE-4CEC-BCBC-309DF305098F}.Debug|Any CPU.ActiveCfg = Debug|Any CPU
		{5AAC7C6B-88DE-4CEC-BCBC-309DF305098F}.Debug|Any CPU.Build.0 = Debug|Any CPU
		{5AAC7C6B-88DE-4CEC-BCBC-309DF305098F}.Release|Any CPU.ActiveCfg = Release|Any CPU
		{5AAC7C6B-88DE-4CEC-BCBC-309DF305098F}.Release|Any CPU.Build.0 = Release|Any CPU
	EndGlobalSection
	GlobalSection(SolutionProperties) = preSolution
		HideSolutionNode = FALSE
	EndGlobalSection
	GlobalSection(NestedProjects) = preSolution
		{84ECABBF-0DA0-49BD-BB4E-7D076B4A102B} = {DC5A093A-070A-497B-96E7-B0B249D0FB79}
		{2C2AD5F8-0A5A-4BA9-85FE-39C14E34AC31} = {DC5A093A-070A-497B-96E7-B0B249D0FB79}
		{E8B79732-7B4A-4181-9DB1-4E5D6012BE59} = {DC5A093A-070A-497B-96E7-B0B249D0FB79}
		{7DD92615-DAEF-419C-8CD8-CA23CE27DA62} = {8A8F1B72-E882-4640-9DEA-667D88D523B7}
		{70500019-5315-4355-B438-04E62B4AB70F} = {8A8F1B72-E882-4640-9DEA-667D88D523B7}
		{DCECE089-690C-4B15-AFDD-4D076433A9CA} = {86E121A8-032B-4F18-AEF7-29AC3BFD562E}
		{5AAC7C6B-88DE-4CEC-BCBC-309DF305098F} = {86E121A8-032B-4F18-AEF7-29AC3BFD562E}
	EndGlobalSection
EndGlobal
