
Microsoft Visual Studio Solution File, Format Version 12.00
# Visual Studio 15
VisualStudioVersion = 15.0.27004.2009
MinimumVisualStudioVersion = 10.0.40219.1
Project("{9A19103F-16F7-4668-BE54-9A1E7A4F7556}") = "BlastAsia.DigiBook.Domain.Test", "BlastAsia.DigiBook.Domain.Test\BlastAsia.DigiBook.Domain.Test.csproj", "{DF1113EA-2A10-42D9-A569-604404B24C09}"
EndProject
Project("{9A19103F-16F7-4668-BE54-9A1E7A4F7556}") = "BlastAsia.DigiBook.Domain", "BlastAsia.DigiBook.Domain\BlastAsia.DigiBook.Domain.csproj", "{A090D04E-EA1E-458F-A6D3-65C4A4E407E1}"
EndProject
Project("{9A19103F-16F7-4668-BE54-9A1E7A4F7556}") = "BlastAsia.DigiBook.Domain.Models", "BlastsAsia.DigiBook.Domain.Models\BlastAsia.DigiBook.Domain.Models.csproj", "{E2D71979-B329-4A91-96DD-08C6090DA0E4}"
EndProject
Project("{9A19103F-16F7-4668-BE54-9A1E7A4F7556}") = "BlastAsia.DigiBook.Infrastructure.Persistence", "BlastAsia.DigiBook.Infrastructure.Persistence\BlastAsia.DigiBook.Infrastructure.Persistence.csproj", "{115DA941-B7A4-4114-835C-431E8DC91B56}"
EndProject
Project("{9A19103F-16F7-4668-BE54-9A1E7A4F7556}") = "BlastAsia.DigiBook.Infrastructure.Persistence.Test", "BlastAsia.DigiBook.Infrastructure.Persistence.Test\BlastAsia.DigiBook.Infrastructure.Persistence.Test.csproj", "{20A638D8-BC66-410C-8CF8-A1317D57164B}"
EndProject
Project("{2150E333-8FDC-42A3-9474-1A3956D46DE8}") = "Source", "Source", "{BB90C3F2-C58D-49FB-BEC5-C636213BCB92}"
EndProject
Project("{2150E333-8FDC-42A3-9474-1A3956D46DE8}") = "Test", "Test", "{BA0640B0-9081-42BB-8106-78C3C4D89813}"
EndProject
Project("{2150E333-8FDC-42A3-9474-1A3956D46DE8}") = "1.0 Presentation", "1.0 Presentation", "{7BFD26EF-CE5C-4F88-B8DC-CCF4F3D4F0DD}"
EndProject
Project("{2150E333-8FDC-42A3-9474-1A3956D46DE8}") = "2.0 API", "2.0 API", "{919A74C1-1271-4E3C-880A-06BAEBBA3335}"
EndProject
Project("{2150E333-8FDC-42A3-9474-1A3956D46DE8}") = "3.0 Domain", "3.0 Domain", "{D2456D44-6453-4DCA-B58C-DCC83D415C13}"
EndProject
Project("{2150E333-8FDC-42A3-9474-1A3956D46DE8}") = "4.0 Persistence", "4.0 Persistence", "{EF900050-C541-426A-8AA4-C426846C52D0}"
EndProject
Project("{9A19103F-16F7-4668-BE54-9A1E7A4F7556}") = "BlastAsia.DigiBook.API", "BlastAsia.DigiBook.API\BlastAsia.DigiBook.API.csproj", "{1D406E1F-6697-4DCC-B58D-CC1D4B450C3C}"
EndProject
Global
	GlobalSection(SolutionConfigurationPlatforms) = preSolution
		Debug|Any CPU = Debug|Any CPU
		Release|Any CPU = Release|Any CPU
	EndGlobalSection
	GlobalSection(ProjectConfigurationPlatforms) = postSolution
		{DF1113EA-2A10-42D9-A569-604404B24C09}.Debug|Any CPU.ActiveCfg = Debug|Any CPU
		{DF1113EA-2A10-42D9-A569-604404B24C09}.Debug|Any CPU.Build.0 = Debug|Any CPU
		{DF1113EA-2A10-42D9-A569-604404B24C09}.Release|Any CPU.ActiveCfg = Release|Any CPU
		{DF1113EA-2A10-42D9-A569-604404B24C09}.Release|Any CPU.Build.0 = Release|Any CPU
		{A090D04E-EA1E-458F-A6D3-65C4A4E407E1}.Debug|Any CPU.ActiveCfg = Debug|Any CPU
		{A090D04E-EA1E-458F-A6D3-65C4A4E407E1}.Debug|Any CPU.Build.0 = Debug|Any CPU
		{A090D04E-EA1E-458F-A6D3-65C4A4E407E1}.Release|Any CPU.ActiveCfg = Release|Any CPU
		{A090D04E-EA1E-458F-A6D3-65C4A4E407E1}.Release|Any CPU.Build.0 = Release|Any CPU
		{E2D71979-B329-4A91-96DD-08C6090DA0E4}.Debug|Any CPU.ActiveCfg = Debug|Any CPU
		{E2D71979-B329-4A91-96DD-08C6090DA0E4}.Debug|Any CPU.Build.0 = Debug|Any CPU
		{E2D71979-B329-4A91-96DD-08C6090DA0E4}.Release|Any CPU.ActiveCfg = Release|Any CPU
		{E2D71979-B329-4A91-96DD-08C6090DA0E4}.Release|Any CPU.Build.0 = Release|Any CPU
		{115DA941-B7A4-4114-835C-431E8DC91B56}.Debug|Any CPU.ActiveCfg = Debug|Any CPU
		{115DA941-B7A4-4114-835C-431E8DC91B56}.Debug|Any CPU.Build.0 = Debug|Any CPU
		{115DA941-B7A4-4114-835C-431E8DC91B56}.Release|Any CPU.ActiveCfg = Release|Any CPU
		{115DA941-B7A4-4114-835C-431E8DC91B56}.Release|Any CPU.Build.0 = Release|Any CPU
		{20A638D8-BC66-410C-8CF8-A1317D57164B}.Debug|Any CPU.ActiveCfg = Debug|Any CPU
		{20A638D8-BC66-410C-8CF8-A1317D57164B}.Debug|Any CPU.Build.0 = Debug|Any CPU
		{20A638D8-BC66-410C-8CF8-A1317D57164B}.Release|Any CPU.ActiveCfg = Release|Any CPU
		{20A638D8-BC66-410C-8CF8-A1317D57164B}.Release|Any CPU.Build.0 = Release|Any CPU
		{1D406E1F-6697-4DCC-B58D-CC1D4B450C3C}.Debug|Any CPU.ActiveCfg = Debug|Any CPU
		{1D406E1F-6697-4DCC-B58D-CC1D4B450C3C}.Debug|Any CPU.Build.0 = Debug|Any CPU
		{1D406E1F-6697-4DCC-B58D-CC1D4B450C3C}.Release|Any CPU.ActiveCfg = Release|Any CPU
		{1D406E1F-6697-4DCC-B58D-CC1D4B450C3C}.Release|Any CPU.Build.0 = Release|Any CPU
	EndGlobalSection
	GlobalSection(SolutionProperties) = preSolution
		HideSolutionNode = FALSE
	EndGlobalSection
	GlobalSection(NestedProjects) = preSolution
		{DF1113EA-2A10-42D9-A569-604404B24C09} = {BA0640B0-9081-42BB-8106-78C3C4D89813}
		{A090D04E-EA1E-458F-A6D3-65C4A4E407E1} = {D2456D44-6453-4DCA-B58C-DCC83D415C13}
		{E2D71979-B329-4A91-96DD-08C6090DA0E4} = {D2456D44-6453-4DCA-B58C-DCC83D415C13}
		{115DA941-B7A4-4114-835C-431E8DC91B56} = {EF900050-C541-426A-8AA4-C426846C52D0}
		{20A638D8-BC66-410C-8CF8-A1317D57164B} = {BA0640B0-9081-42BB-8106-78C3C4D89813}
		{7BFD26EF-CE5C-4F88-B8DC-CCF4F3D4F0DD} = {BB90C3F2-C58D-49FB-BEC5-C636213BCB92}
		{919A74C1-1271-4E3C-880A-06BAEBBA3335} = {BB90C3F2-C58D-49FB-BEC5-C636213BCB92}
		{D2456D44-6453-4DCA-B58C-DCC83D415C13} = {BB90C3F2-C58D-49FB-BEC5-C636213BCB92}
		{EF900050-C541-426A-8AA4-C426846C52D0} = {BB90C3F2-C58D-49FB-BEC5-C636213BCB92}
		{1D406E1F-6697-4DCC-B58D-CC1D4B450C3C} = {919A74C1-1271-4E3C-880A-06BAEBBA3335}
	EndGlobalSection
	GlobalSection(ExtensibilityGlobals) = postSolution
		SolutionGuid = {997A2FCD-BB1B-4BB9-9D68-630A77026F71}
	EndGlobalSection
EndGlobal
