
Microsoft Visual Studio Solution File, Format Version 12.00
# Visual Studio 15
VisualStudioVersion = 15.0.26430.14
MinimumVisualStudioVersion = 10.0.40219.1
Project("{FAE04EC0-301F-11D3-BF4B-00C04F79EFBC}") = "FinalExam_Fibonacci", "FinalExam_Fibonacci\FinalExam_Fibonacci.csproj", "{941A43E8-D76F-4D17-AC65-E8438E5EEA91}"
EndProject
Project("{FAE04EC0-301F-11D3-BF4B-00C04F79EFBC}") = "FinalExam_Calculator", "FinalExam_Calculator\FinalExam_Calculator.csproj", "{1A9B7F32-C36A-4811-9B76-A5488E5B8F04}"
EndProject
Global
	GlobalSection(SolutionConfigurationPlatforms) = preSolution
		Debug|Any CPU = Debug|Any CPU
		Release|Any CPU = Release|Any CPU
	EndGlobalSection
	GlobalSection(ProjectConfigurationPlatforms) = postSolution
		{941A43E8-D76F-4D17-AC65-E8438E5EEA91}.Debug|Any CPU.ActiveCfg = Debug|Any CPU
		{941A43E8-D76F-4D17-AC65-E8438E5EEA91}.Debug|Any CPU.Build.0 = Debug|Any CPU
		{941A43E8-D76F-4D17-AC65-E8438E5EEA91}.Release|Any CPU.ActiveCfg = Release|Any CPU
		{941A43E8-D76F-4D17-AC65-E8438E5EEA91}.Release|Any CPU.Build.0 = Release|Any CPU
		{1A9B7F32-C36A-4811-9B76-A5488E5B8F04}.Debug|Any CPU.ActiveCfg = Debug|Any CPU
		{1A9B7F32-C36A-4811-9B76-A5488E5B8F04}.Debug|Any CPU.Build.0 = Debug|Any CPU
		{1A9B7F32-C36A-4811-9B76-A5488E5B8F04}.Release|Any CPU.ActiveCfg = Release|Any CPU
		{1A9B7F32-C36A-4811-9B76-A5488E5B8F04}.Release|Any CPU.Build.0 = Release|Any CPU
	EndGlobalSection
	GlobalSection(SolutionProperties) = preSolution
		HideSolutionNode = FALSE
	EndGlobalSection
EndGlobal
