
Microsoft Visual Studio Solution File, Format Version 12.00
# Visual Studio 15
VisualStudioVersion = 15.0.27004.2002
MinimumVisualStudioVersion = 10.0.40219.1
Project("{FAE04EC0-301F-11D3-BF4B-00C04F79EFBC}") = "FinalExam_Fibonacci", "FinalExam_Fibonacci\FinalExam_Fibonacci.csproj", "{E080FCA3-07E8-44E6-9B74-C25035FD9AAA}"
EndProject
Global
	GlobalSection(SolutionConfigurationPlatforms) = preSolution
		Debug|Any CPU = Debug|Any CPU
		Release|Any CPU = Release|Any CPU
	EndGlobalSection
	GlobalSection(ProjectConfigurationPlatforms) = postSolution
		{E080FCA3-07E8-44E6-9B74-C25035FD9AAA}.Debug|Any CPU.ActiveCfg = Debug|Any CPU
		{E080FCA3-07E8-44E6-9B74-C25035FD9AAA}.Debug|Any CPU.Build.0 = Debug|Any CPU
		{E080FCA3-07E8-44E6-9B74-C25035FD9AAA}.Release|Any CPU.ActiveCfg = Release|Any CPU
		{E080FCA3-07E8-44E6-9B74-C25035FD9AAA}.Release|Any CPU.Build.0 = Release|Any CPU
	EndGlobalSection
	GlobalSection(SolutionProperties) = preSolution
		HideSolutionNode = FALSE
	EndGlobalSection
	GlobalSection(ExtensibilityGlobals) = postSolution
		SolutionGuid = {0BBB1191-BB63-4AE8-8412-296B8A29F7C5}
	EndGlobalSection
EndGlobal
